Microsoft Visual Studio Solution File, Format Version 12.00
# Visual Studio Version 16
VisualStudioVersion = 16.0.30204.135
MinimumVisualStudioVersion = 15.0.26124.0
Project("{9A19103F-16F7-4668-BE54-9A1E7A4F7556}") = "SistemaBlueddit.Client", "SistemaBlueddit.Client\SistemaBlueddit.Client.csproj", "{7EEA9E4B-A0F8-47B7-B169-0EF0A2E1EDA8}"
EndProject
Project("{9A19103F-16F7-4668-BE54-9A1E7A4F7556}") = "SistemaBlueddit.AdministrativeServer", "SistemaBlueddit.AdministrativeServer\SistemaBlueddit.AdministrativeServer.csproj", "{C458CF37-746A-4303-94F9-06D91EF85E35}"
EndProject
Project("{9A19103F-16F7-4668-BE54-9A1E7A4F7556}") = "SistemaBlueddit.Client.Logic", "SistemaBlueddit.Client.Logic\SistemaBlueddit.Client.Logic.csproj", "{8DB722DB-5C70-4440-8F5B-E674B6EFEC32}"
EndProject
Project("{9A19103F-16F7-4668-BE54-9A1E7A4F7556}") = "SistemaBlueddit.Client.Logic.Interfaces", "SistemaBlueddit.Client.Logic.Interfaces\SistemaBlueddit.Client.Logic.Interfaces.csproj", "{20C5C7CB-513E-488C-B7F9-98C15E1AB161}"
EndProject
Project("{9A19103F-16F7-4668-BE54-9A1E7A4F7556}") = "SistemaBlueddit.Domain", "SistemaBlueddit.Domain\SistemaBlueddit.Domain.csproj", "{FF13BE1B-A54D-47C0-81AB-5B3CDBA925C1}"
EndProject
Project("{9A19103F-16F7-4668-BE54-9A1E7A4F7556}") = "SistemaBlueddit.Domain.Interface", "SistemaBlueddit.Domain.Interface\SistemaBlueddit.Domain.Interface.csproj", "{C8451B11-47C7-4C54-B75E-0A9A7BC6D7D4}"
EndProject
Project("{9A19103F-16F7-4668-BE54-9A1E7A4F7556}") = "SistemaBlueddit.LogServer", "SistemaBlueddit.LogServer\SistemaBlueddit.LogServer.csproj", "{BBD3AFC4-7D95-470C-A2A5-008B5480A040}"
EndProject
Project("{9A19103F-16F7-4668-BE54-9A1E7A4F7556}") = "SistemaBlueddit.LogServer.Logic", "SistemaBlueddit.LogServer.Logic\SistemaBlueddit.LogServer.Logic.csproj", "{AA5A4871-6B3B-4732-9A92-89E7EE787D43}"
EndProject
Project("{9A19103F-16F7-4668-BE54-9A1E7A4F7556}") = "SistemaBlueddit.LogServer.Logic.Interfaces", "SistemaBlueddit.LogServer.Logic.Interfaces\SistemaBlueddit.LogServer.Logic.Interfaces.csproj", "{7A909468-2A84-47F5-81F3-225781EEB2AC}"
EndProject
Project("{9A19103F-16F7-4668-BE54-9A1E7A4F7556}") = "SistemaBlueddit.Protocol.Library", "SistemaBlueddit.Protocol.Library\SistemaBlueddit.Protocol.Library.csproj", "{C5E6CEF7-5818-4BAA-8A65-8B25F42F86DC}"
EndProject
Project("{9A19103F-16F7-4668-BE54-9A1E7A4F7556}") = "SistemaBlueddit.Server", "SistemaBlueddit.Server\SistemaBlueddit.Server.csproj", "{3B0FA38C-4627-4BE5-BA02-246135DEEBA4}"
EndProject
Project("{9A19103F-16F7-4668-BE54-9A1E7A4F7556}") = "SistemaBlueddit.Server.Logic", "SistemaBlueddit.Server.Logic\SistemaBlueddit.Server.Logic.csproj", "{C27E5889-690E-442A-B326-6EF9D3A4B388}"
EndProject
Project("{9A19103F-16F7-4668-BE54-9A1E7A4F7556}") = "SistemaBlueddit.Server.Logic.Interfaces", "SistemaBlueddit.Server.Logic.Interfaces\SistemaBlueddit.Server.Logic.Interfaces.csproj", "{7C5D7B9A-C27B-4DB0-9468-24A36064F9A8}"
EndProject
Global
	GlobalSection(SolutionConfigurationPlatforms) = preSolution
		Debug|Any CPU = Debug|Any CPU
		Release|Any CPU = Release|Any CPU
	EndGlobalSection
	GlobalSection(ProjectConfigurationPlatforms) = postSolution
		{7EEA9E4B-A0F8-47B7-B169-0EF0A2E1EDA8}.Debug|Any CPU.ActiveCfg = Debug|Any CPU
		{7EEA9E4B-A0F8-47B7-B169-0EF0A2E1EDA8}.Debug|Any CPU.Build.0 = Debug|Any CPU
		{7EEA9E4B-A0F8-47B7-B169-0EF0A2E1EDA8}.Release|Any CPU.ActiveCfg = Release|Any CPU
		{7EEA9E4B-A0F8-47B7-B169-0EF0A2E1EDA8}.Release|Any CPU.Build.0 = Release|Any CPU
		{C458CF37-746A-4303-94F9-06D91EF85E35}.Debug|Any CPU.ActiveCfg = Debug|Any CPU
		{C458CF37-746A-4303-94F9-06D91EF85E35}.Debug|Any CPU.Build.0 = Debug|Any CPU
		{C458CF37-746A-4303-94F9-06D91EF85E35}.Release|Any CPU.ActiveCfg = Release|Any CPU
		{C458CF37-746A-4303-94F9-06D91EF85E35}.Release|Any CPU.Build.0 = Release|Any CPU
		{8DB722DB-5C70-4440-8F5B-E674B6EFEC32}.Debug|Any CPU.ActiveCfg = Debug|Any CPU
		{8DB722DB-5C70-4440-8F5B-E674B6EFEC32}.Debug|Any CPU.Build.0 = Debug|Any CPU
		{8DB722DB-5C70-4440-8F5B-E674B6EFEC32}.Release|Any CPU.ActiveCfg = Release|Any CPU
		{8DB722DB-5C70-4440-8F5B-E674B6EFEC32}.Release|Any CPU.Build.0 = Release|Any CPU
		{20C5C7CB-513E-488C-B7F9-98C15E1AB161}.Debug|Any CPU.ActiveCfg = Debug|Any CPU
		{20C5C7CB-513E-488C-B7F9-98C15E1AB161}.Debug|Any CPU.Build.0 = Debug|Any CPU
		{20C5C7CB-513E-488C-B7F9-98C15E1AB161}.Release|Any CPU.ActiveCfg = Release|Any CPU
		{20C5C7CB-513E-488C-B7F9-98C15E1AB161}.Release|Any CPU.Build.0 = Release|Any CPU
		{FF13BE1B-A54D-47C0-81AB-5B3CDBA925C1}.Debug|Any CPU.ActiveCfg = Debug|Any CPU
		{FF13BE1B-A54D-47C0-81AB-5B3CDBA925C1}.Debug|Any CPU.Build.0 = Debug|Any CPU
		{FF13BE1B-A54D-47C0-81AB-5B3CDBA925C1}.Release|Any CPU.ActiveCfg = Release|Any CPU
		{FF13BE1B-A54D-47C0-81AB-5B3CDBA925C1}.Release|Any CPU.Build.0 = Release|Any CPU
		{C8451B11-47C7-4C54-B75E-0A9A7BC6D7D4}.Debug|Any CPU.ActiveCfg = Debug|Any CPU
		{C8451B11-47C7-4C54-B75E-0A9A7BC6D7D4}.Debug|Any CPU.Build.0 = Debug|Any CPU
		{C8451B11-47C7-4C54-B75E-0A9A7BC6D7D4}.Release|Any CPU.ActiveCfg = Release|Any CPU
		{C8451B11-47C7-4C54-B75E-0A9A7BC6D7D4}.Release|Any CPU.Build.0 = Release|Any CPU
		{BBD3AFC4-7D95-470C-A2A5-008B5480A040}.Debug|Any CPU.ActiveCfg = Debug|Any CPU
		{BBD3AFC4-7D95-470C-A2A5-008B5480A040}.Debug|Any CPU.Build.0 = Debug|Any CPU
		{BBD3AFC4-7D95-470C-A2A5-008B5480A040}.Release|Any CPU.ActiveCfg = Release|Any CPU
		{BBD3AFC4-7D95-470C-A2A5-008B5480A040}.Release|Any CPU.Build.0 = Release|Any CPU
		{AA5A4871-6B3B-4732-9A92-89E7EE787D43}.Debug|Any CPU.ActiveCfg = Debug|Any CPU
		{AA5A4871-6B3B-4732-9A92-89E7EE787D43}.Debug|Any CPU.Build.0 = Debug|Any CPU
		{AA5A4871-6B3B-4732-9A92-89E7EE787D43}.Release|Any CPU.ActiveCfg = Release|Any CPU
		{AA5A4871-6B3B-4732-9A92-89E7EE787D43}.Release|Any CPU.Build.0 = Release|Any CPU
		{7A909468-2A84-47F5-81F3-225781EEB2AC}.Debug|Any CPU.ActiveCfg = Debug|Any CPU
		{7A909468-2A84-47F5-81F3-225781EEB2AC}.Debug|Any CPU.Build.0 = Debug|Any CPU
		{7A909468-2A84-47F5-81F3-225781EEB2AC}.Release|Any CPU.ActiveCfg = Release|Any CPU
		{7A909468-2A84-47F5-81F3-225781EEB2AC}.Release|Any CPU.Build.0 = Release|Any CPU
		{C5E6CEF7-5818-4BAA-8A65-8B25F42F86DC}.Debug|Any CPU.ActiveCfg = Debug|Any CPU
		{C5E6CEF7-5818-4BAA-8A65-8B25F42F86DC}.Debug|Any CPU.Build.0 = Debug|Any CPU
		{C5E6CEF7-5818-4BAA-8A65-8B25F42F86DC}.Release|Any CPU.ActiveCfg = Release|Any CPU
		{C5E6CEF7-5818-4BAA-8A65-8B25F42F86DC}.Release|Any CPU.Build.0 = Release|Any CPU
		{3B0FA38C-4627-4BE5-BA02-246135DEEBA4}.Debug|Any CPU.ActiveCfg = Debug|Any CPU
		{3B0FA38C-4627-4BE5-BA02-246135DEEBA4}.Debug|Any CPU.Build.0 = Debug|Any CPU
		{3B0FA38C-4627-4BE5-BA02-246135DEEBA4}.Release|Any CPU.ActiveCfg = Release|Any CPU
		{3B0FA38C-4627-4BE5-BA02-246135DEEBA4}.Release|Any CPU.Build.0 = Release|Any CPU
		{C27E5889-690E-442A-B326-6EF9D3A4B388}.Debug|Any CPU.ActiveCfg = Debug|Any CPU
		{C27E5889-690E-442A-B326-6EF9D3A4B388}.Debug|Any CPU.Build.0 = Debug|Any CPU
		{C27E5889-690E-442A-B326-6EF9D3A4B388}.Release|Any CPU.ActiveCfg = Release|Any CPU
		{C27E5889-690E-442A-B326-6EF9D3A4B388}.Release|Any CPU.Build.0 = Release|Any CPU
		{7C5D7B9A-C27B-4DB0-9468-24A36064F9A8}.Debug|Any CPU.ActiveCfg = Debug|Any CPU
		{7C5D7B9A-C27B-4DB0-9468-24A36064F9A8}.Debug|Any CPU.Build.0 = Debug|Any CPU
		{7C5D7B9A-C27B-4DB0-9468-24A36064F9A8}.Release|Any CPU.ActiveCfg = Release|Any CPU
		{7C5D7B9A-C27B-4DB0-9468-24A36064F9A8}.Release|Any CPU.Build.0 = Release|Any CPU
	EndGlobalSection
	GlobalSection(SolutionProperties) = preSolution
		HideSolutionNode = FALSE
	EndGlobalSection
	GlobalSection(ExtensibilityGlobals) = postSolution
		SolutionGuid = {E7D9BA42-BB83-45E5-90DD-09772CA6D20E}
	EndGlobalSection
EndGlobal
